
Microsoft Visual Studio Solution File, Format Version 12.00
# Visual Studio Version 16
VisualStudioVersion = 16.0.30128.74
MinimumVisualStudioVersion = 10.0.40219.1
Project("{FAE04EC0-301F-11D3-BF4B-00C04F79EFBC}") = "cucumbertests", "cucumbertests.csproj", "{5A3924D6-BC30-4C16-A7AB-03DE26F3C23D}"
EndProject
Global
	GlobalSection(SolutionConfigurationPlatforms) = preSolution
		Debug|Any CPU = Debug|Any CPU
		Release|Any CPU = Release|Any CPU
	EndGlobalSection
	GlobalSection(ProjectConfigurationPlatforms) = postSolution
		{5A3924D6-BC30-4C16-A7AB-03DE26F3C23D}.Debug|Any CPU.ActiveCfg = Debug|Any CPU
		{5A3924D6-BC30-4C16-A7AB-03DE26F3C23D}.Debug|Any CPU.Build.0 = Debug|Any CPU
		{5A3924D6-BC30-4C16-A7AB-03DE26F3C23D}.Release|Any CPU.ActiveCfg = Release|Any CPU
		{5A3924D6-BC30-4C16-A7AB-03DE26F3C23D}.Release|Any CPU.Build.0 = Release|Any CPU
	EndGlobalSection
	GlobalSection(SolutionProperties) = preSolution
		HideSolutionNode = FALSE
	EndGlobalSection
	GlobalSection(ExtensibilityGlobals) = postSolution
		SolutionGuid = {4BBC7422-E72C-4C0E-ABE0-7085486EFE06}
	EndGlobalSection
EndGlobal
